
Microsoft Visual Studio Solution File, Format Version 12.00
# Visual Studio 15
VisualStudioVersion = 15.0.28307.1062
MinimumVisualStudioVersion = 10.0.40219.1
Project("{FAE04EC0-301F-11D3-BF4B-00C04F79EFBC}") = "NFFM", "NFFM\NFFM.csproj", "{D358EFD1-0920-4250-888C-918B2F37EE26}"
EndProject
Project("{FAE04EC0-301F-11D3-BF4B-00C04F79EFBC}") = "DnnZone.NFFM.Web", "NFFM-Web\DnnZone.NFFM.Web.csproj", "{D633BC1D-A3F5-4AD6-8AE9-06B8AA03CA51}"
EndProject
Project("{FAE04EC0-301F-11D3-BF4B-00C04F79EFBC}") = "DnnZone.NFFM.Web.Tests", "NFFM-Web.Tests\DnnZone.NFFM.Web.Tests.csproj", "{E58256CA-21C9-4371-A435-314755453BD7}"
EndProject
Project("{FAE04EC0-301F-11D3-BF4B-00C04F79EFBC}") = "DnnZone.NFFM.Utility", "DnnZone.NFFM.Utility\DnnZone.NFFM.Utility.csproj", "{2E269FE7-F021-444F-85B6-0A3276CCBBF7}"
EndProject
Global
	GlobalSection(SolutionConfigurationPlatforms) = preSolution
		Debug|Any CPU = Debug|Any CPU
		Release|Any CPU = Release|Any CPU
	EndGlobalSection
	GlobalSection(ProjectConfigurationPlatforms) = postSolution
		{D358EFD1-0920-4250-888C-918B2F37EE26}.Debug|Any CPU.ActiveCfg = Debug|Any CPU
		{D358EFD1-0920-4250-888C-918B2F37EE26}.Debug|Any CPU.Build.0 = Debug|Any CPU
		{D358EFD1-0920-4250-888C-918B2F37EE26}.Release|Any CPU.ActiveCfg = Release|Any CPU
		{D358EFD1-0920-4250-888C-918B2F37EE26}.Release|Any CPU.Build.0 = Release|Any CPU
		{D633BC1D-A3F5-4AD6-8AE9-06B8AA03CA51}.Debug|Any CPU.ActiveCfg = Debug|Any CPU
		{D633BC1D-A3F5-4AD6-8AE9-06B8AA03CA51}.Debug|Any CPU.Build.0 = Debug|Any CPU
		{D633BC1D-A3F5-4AD6-8AE9-06B8AA03CA51}.Release|Any CPU.ActiveCfg = Release|Any CPU
		{D633BC1D-A3F5-4AD6-8AE9-06B8AA03CA51}.Release|Any CPU.Build.0 = Release|Any CPU
		{E58256CA-21C9-4371-A435-314755453BD7}.Debug|Any CPU.ActiveCfg = Debug|Any CPU
		{E58256CA-21C9-4371-A435-314755453BD7}.Debug|Any CPU.Build.0 = Debug|Any CPU
		{E58256CA-21C9-4371-A435-314755453BD7}.Release|Any CPU.ActiveCfg = Release|Any CPU
		{E58256CA-21C9-4371-A435-314755453BD7}.Release|Any CPU.Build.0 = Release|Any CPU
		{2E269FE7-F021-444F-85B6-0A3276CCBBF7}.Debug|Any CPU.ActiveCfg = Debug|Any CPU
		{2E269FE7-F021-444F-85B6-0A3276CCBBF7}.Debug|Any CPU.Build.0 = Debug|Any CPU
		{2E269FE7-F021-444F-85B6-0A3276CCBBF7}.Release|Any CPU.ActiveCfg = Release|Any CPU
		{2E269FE7-F021-444F-85B6-0A3276CCBBF7}.Release|Any CPU.Build.0 = Release|Any CPU
	EndGlobalSection
	GlobalSection(SolutionProperties) = preSolution
		HideSolutionNode = FALSE
	EndGlobalSection
	GlobalSection(ExtensibilityGlobals) = postSolution
		SolutionGuid = {B4C71B9D-A2E7-40EC-84D2-1E031167236E}
	EndGlobalSection
EndGlobal
